// !$*UTF8*$!
{
	archiveVersion = 1;
	classes = {
	};
	objectVersion = 50;
	objects = {

/* Begin PBXBuildFile section */
		D7E8E9A825F4082700FAD77E /* AppDelegate.swift in Sources */ = {isa = PBXBuildFile; fileRef = D7E8E9A725F4082700FAD77E /* AppDelegate.swift */; };
		D7E8E9AA25F4082700FAD77E /* SceneDelegate.swift in Sources */ = {isa = PBXBuildFile; fileRef = D7E8E9A925F4082700FAD77E /* SceneDelegate.swift */; };
		D7E8E9AC25F4082700FAD77E /* ViewController.swift in Sources */ = {isa = PBXBuildFile; fileRef = D7E8E9AB25F4082700FAD77E /* ViewController.swift */; };
		D7E8E9AF25F4082700FAD77E /* Main.storyboard in Resources */ = {isa = PBXBuildFile; fileRef = D7E8E9AD25F4082700FAD77E /* Main.storyboard */; };
		D7E8E9B125F4082800FAD77E /* Assets.xcassets in Resources */ = {isa = PBXBuildFile; fileRef = D7E8E9B025F4082800FAD77E /* Assets.xcassets */; };
		D7E8E9B425F4082800FAD77E /* LaunchScreen.storyboard in Resources */ = {isa = PBXBuildFile; fileRef = D7E8E9B225F4082800FAD77E /* LaunchScreen.storyboard */; };
		D7E8E9BF25F4082900FAD77E /* Mario_Game_App_21Tests.swift in Sources */ = {isa = PBXBuildFile; fileRef = D7E8E9BE25F4082900FAD77E /* Mario_Game_App_21Tests.swift */; };
		D7E8E9CA25F4082900FAD77E /* Mario_Game_App_21UITests.swift in Sources */ = {isa = PBXBuildFile; fileRef = D7E8E9C925F4082900FAD77E /* Mario_Game_App_21UITests.swift */; };
/* End PBXBuildFile section */

/* Begin PBXContainerItemProxy section */
		D7E8E9BB25F4082900FAD77E /* PBXContainerItemProxy */ = {
			isa = PBXContainerItemProxy;
			containerPortal = D7E8E99C25F4082700FAD77E /* Project object */;
			proxyType = 1;
			remoteGlobalIDString = D7E8E9A325F4082700FAD77E;
			remoteInfo = Mario_Game_App_21;
		};
		D7E8E9C625F4082900FAD77E /* PBXContainerItemProxy */ = {
			isa = PBXContainerItemProxy;
			containerPortal = D7E8E99C25F4082700FAD77E /* Project object */;
			proxyType = 1;
			remoteGlobalIDString = D7E8E9A325F4082700FAD77E;
			remoteInfo = Mario_Game_App_21;
		};
/* End PBXContainerItemProxy section */

/* Begin PBXFileReference section */
		D7E8E9A425F4082700FAD77E /* Mario_Game_App_21.app */ = {isa = PBXFileReference; explicitFileType = wrapper.application; includeInIndex = 0; path = Mario_Game_App_21.app; sourceTree = BUILT_PRODUCTS_DIR; };
		D7E8E9A725F4082700FAD77E /* AppDelegate.swift */ = {isa = PBXFileReference; lastKnownFileType = sourcecode.swift; path = AppDelegate.swift; sourceTree = "<group>"; };
		D7E8E9A925F4082700FAD77E /* SceneDelegate.swift */ = {isa = PBXFileReference; lastKnownFileType = sourcecode.swift; path = SceneDelegate.swift; sourceTree = "<group>"; };
		D7E8E9AB25F4082700FAD77E /* ViewController.swift */ = {isa = PBXFileReference; lastKnownFileType = sourcecode.swift; path = ViewController.swift; sourceTree = "<group>"; };
		D7E8E9AE25F4082700FAD77E /* Base */ = {isa = PBXFileReference; lastKnownFileType = file.storyboard; name = Base; path = Base.lproj/Main.storyboard; sourceTree = "<group>"; };
		D7E8E9B025F4082800FAD77E /* Assets.xcassets */ = {isa = PBXFileReference; lastKnownFileType = folder.assetcatalog; path = Assets.xcassets; sourceTree = "<group>"; };
		D7E8E9B325F4082800FAD77E /* Base */ = {isa = PBXFileReference; lastKnownFileType = file.storyboard; name = Base; path = Base.lproj/LaunchScreen.storyboard; sourceTree = "<group>"; };
		D7E8E9B525F4082800FAD77E /* Info.plist */ = {isa = PBXFileReference; lastKnownFileType = text.plist.xml; path = Info.plist; sourceTree = "<group>"; };
		D7E8E9BA25F4082900FAD77E /* Mario_Game_App_21Tests.xctest */ = {isa = PBXFileReference; explicitFileType = wrapper.cfbundle; includeInIndex = 0; path = Mario_Game_App_21Tests.xctest; sourceTree = BUILT_PRODUCTS_DIR; };
		D7E8E9BE25F4082900FAD77E /* Mario_Game_App_21Tests.swift */ = {isa = PBXFileReference; lastKnownFileType = sourcecode.swift; path = Mario_Game_App_21Tests.swift; sourceTree = "<group>"; };
		D7E8E9C025F4082900FAD77E /* Info.plist */ = {isa = PBXFileReference; lastKnownFileType = text.plist.xml; path = Info.plist; sourceTree = "<group>"; };
		D7E8E9C525F4082900FAD77E /* Mario_Game_App_21UITests.xctest */ = {isa = PBXFileReference; explicitFileType = wrapper.cfbundle; includeInIndex = 0; path = Mario_Game_App_21UITests.xctest; sourceTree = BUILT_PRODUCTS_DIR; };
		D7E8E9C925F4082900FAD77E /* Mario_Game_App_21UITests.swift */ = {isa = PBXFileReference; lastKnownFileType = sourcecode.swift; path = Mario_Game_App_21UITests.swift; sourceTree = "<group>"; };
		D7E8E9CB25F4082900FAD77E /* Info.plist */ = {isa = PBXFileReference; lastKnownFileType = text.plist.xml; path = Info.plist; sourceTree = "<group>"; };
/* End PBXFileReference section */

/* Begin PBXFrameworksBuildPhase section */
		D7E8E9A125F4082700FAD77E /* Frameworks */ = {
			isa = PBXFrameworksBuildPhase;
			buildActionMask = 2147483647;
			files = (
			);
			runOnlyForDeploymentPostprocessing = 0;
		};
		D7E8E9B725F4082900FAD77E /* Frameworks */ = {
			isa = PBXFrameworksBuildPhase;
			buildActionMask = 2147483647;
			files = (
			);
			runOnlyForDeploymentPostprocessing = 0;
		};
		D7E8E9C225F4082900FAD77E /* Frameworks */ = {
			isa = PBXFrameworksBuildPhase;
			buildActionMask = 2147483647;
			files = (
			);
			runOnlyForDeploymentPostprocessing = 0;
		};
/* End PBXFrameworksBuildPhase section */

/* Begin PBXGroup section */
		D7E8E99B25F4082700FAD77E = {
			isa = PBXGroup;
			children = (
				D7E8E9A625F4082700FAD77E /* Mario_Game_App_21 */,
				D7E8E9BD25F4082900FAD77E /* Mario_Game_App_21Tests */,
				D7E8E9C825F4082900FAD77E /* Mario_Game_App_21UITests */,
				D7E8E9A525F4082700FAD77E /* Products */,
			);
			sourceTree = "<group>";
		};
		D7E8E9A525F4082700FAD77E /* Products */ = {
			isa = PBXGroup;
			children = (
				D7E8E9A425F4082700FAD77E /* Mario_Game_App_21.app */,
				D7E8E9BA25F4082900FAD77E /* Mario_Game_App_21Tests.xctest */,
				D7E8E9C525F4082900FAD77E /* Mario_Game_App_21UITests.xctest */,
			);
			name = Products;
			sourceTree = "<group>";
		};
		D7E8E9A625F4082700FAD77E /* Mario_Game_App_21 */ = {
			isa = PBXGroup;
			children = (
				D7E8E9A725F4082700FAD77E /* AppDelegate.swift */,
				D7E8E9A925F4082700FAD77E /* SceneDelegate.swift */,
				D7E8E9AB25F4082700FAD77E /* ViewController.swift */,
				D7E8E9AD25F4082700FAD77E /* Main.storyboard */,
				D7E8E9B025F4082800FAD77E /* Assets.xcassets */,
				D7E8E9B225F4082800FAD77E /* LaunchScreen.storyboard */,
				D7E8E9B525F4082800FAD77E /* Info.plist */,
			);
			path = Mario_Game_App_21;
			sourceTree = "<group>";
		};
		D7E8E9BD25F4082900FAD77E /* Mario_Game_App_21Tests */ = {
			isa = PBXGroup;
			children = (
				D7E8E9BE25F4082900FAD77E /* Mario_Game_App_21Tests.swift */,
				D7E8E9C025F4082900FAD77E /* Info.plist */,
			);
			path = Mario_Game_App_21Tests;
			sourceTree = "<group>";
		};
		D7E8E9C825F4082900FAD77E /* Mario_Game_App_21UITests */ = {
			isa = PBXGroup;
			children = (
				D7E8E9C925F4082900FAD77E /* Mario_Game_App_21UITests.swift */,
				D7E8E9CB25F4082900FAD77E /* Info.plist */,
			);
			path = Mario_Game_App_21UITests;
			sourceTree = "<group>";
		};
/* End PBXGroup section */

/* Begin PBXNativeTarget section */
		D7E8E9A325F4082700FAD77E /* Mario_Game_App_21 */ = {
			isa = PBXNativeTarget;
			buildConfigurationList = D7E8E9CE25F4082900FAD77E /* Build configuration list for PBXNativeTarget "Mario_Game_App_21" */;
			buildPhases = (
				D7E8E9A025F4082700FAD77E /* Sources */,
				D7E8E9A125F4082700FAD77E /* Frameworks */,
				D7E8E9A225F4082700FAD77E /* Resources */,
			);
			buildRules = (
			);
			dependencies = (
			);
			name = Mario_Game_App_21;
			productName = Mario_Game_App_21;
			productReference = D7E8E9A425F4082700FAD77E /* Mario_Game_App_21.app */;
			productType = "com.apple.product-type.application";
		};
		D7E8E9B925F4082900FAD77E /* Mario_Game_App_21Tests */ = {
			isa = PBXNativeTarget;
			buildConfigurationList = D7E8E9D125F4082900FAD77E /* Build configuration list for PBXNativeTarget "Mario_Game_App_21Tests" */;
			buildPhases = (
				D7E8E9B625F4082900FAD77E /* Sources */,
				D7E8E9B725F4082900FAD77E /* Frameworks */,
				D7E8E9B825F4082900FAD77E /* Resources */,
			);
			buildRules = (
			);
			dependencies = (
				D7E8E9BC25F4082900FAD77E /* PBXTargetDependency */,
			);
			name = Mario_Game_App_21Tests;
			productName = Mario_Game_App_21Tests;
			productReference = D7E8E9BA25F4082900FAD77E /* Mario_Game_App_21Tests.xctest */;
			productType = "com.apple.product-type.bundle.unit-test";
		};
		D7E8E9C425F4082900FAD77E /* Mario_Game_App_21UITests */ = {
			isa = PBXNativeTarget;
			buildConfigurationList = D7E8E9D425F4082900FAD77E /* Build configuration list for PBXNativeTarget "Mario_Game_App_21UITests" */;
			buildPhases = (
				D7E8E9C125F4082900FAD77E /* Sources */,
				D7E8E9C225F4082900FAD77E /* Frameworks */,
				D7E8E9C325F4082900FAD77E /* Resources */,
			);
			buildRules = (
			);
			dependencies = (
				D7E8E9C725F4082900FAD77E /* PBXTargetDependency */,
			);
			name = Mario_Game_App_21UITests;
			productName = Mario_Game_App_21UITests;
			productReference = D7E8E9C525F4082900FAD77E /* Mario_Game_App_21UITests.xctest */;
			productType = "com.apple.product-type.bundle.ui-testing";
		};
/* End PBXNativeTarget section */

/* Begin PBXProject section */
		D7E8E99C25F4082700FAD77E /* Project object */ = {
			isa = PBXProject;
			attributes = {
				LastSwiftUpdateCheck = 1240;
				LastUpgradeCheck = 1240;
				TargetAttributes = {
					D7E8E9A325F4082700FAD77E = {
						CreatedOnToolsVersion = 12.4;
					};
					D7E8E9B925F4082900FAD77E = {
						CreatedOnToolsVersion = 12.4;
						TestTargetID = D7E8E9A325F4082700FAD77E;
					};
					D7E8E9C425F4082900FAD77E = {
						CreatedOnToolsVersion = 12.4;
						TestTargetID = D7E8E9A325F4082700FAD77E;
					};
				};
			};
			buildConfigurationList = D7E8E99F25F4082700FAD77E /* Build configuration list for PBXProject "Mario_Game_App_21" */;
			compatibilityVersion = "Xcode 9.3";
			developmentRegion = en;
			hasScannedForEncodings = 0;
			knownRegions = (
				en,
				Base,
			);
			mainGroup = D7E8E99B25F4082700FAD77E;
			productRefGroup = D7E8E9A525F4082700FAD77E /* Products */;
			projectDirPath = "";
			projectRoot = "";
			targets = (
				D7E8E9A325F4082700FAD77E /* Mario_Game_App_21 */,
				D7E8E9B925F4082900FAD77E /* Mario_Game_App_21Tests */,
				D7E8E9C425F4082900FAD77E /* Mario_Game_App_21UITests */,
			);
		};
/* End PBXProject section */

/* Begin PBXResourcesBuildPhase section */
		D7E8E9A225F4082700FAD77E /* Resources */ = {
			isa = PBXResourcesBuildPhase;
			buildActionMask = 2147483647;
			files = (
				D7E8E9B425F4082800FAD77E /* LaunchScreen.storyboard in Resources */,
				D7E8E9B125F4082800FAD77E /* Assets.xcassets in Resources */,
				D7E8E9AF25F4082700FAD77E /* Main.storyboard in Resources */,
			);
			runOnlyForDeploymentPostprocessing = 0;
		};
		D7E8E9B825F4082900FAD77E /* Resources */ = {
			isa = PBXResourcesBuildPhase;
			buildActionMask = 2147483647;
			files = (
			);
			runOnlyForDeploymentPostprocessing = 0;
		};
		D7E8E9C325F4082900FAD77E /* Resources */ = {
			isa = PBXResourcesBuildPhase;
			buildActionMask = 2147483647;
			files = (
			);
			runOnlyForDeploymentPostprocessing = 0;
		};
/* End PBXResourcesBuildPhase section */

/* Begin PBXSourcesBuildPhase section */
		D7E8E9A025F4082700FAD77E /* Sources */ = {
			isa = PBXSourcesBuildPhase;
			buildActionMask = 2147483647;
			files = (
				D7E8E9AC25F4082700FAD77E /* ViewController.swift in Sources */,
				D7E8E9A825F4082700FAD77E /* AppDelegate.swift in Sources */,
				D7E8E9AA25F4082700FAD77E /* SceneDelegate.swift in Sources */,
			);
			runOnlyForDeploymentPostprocessing = 0;
		};
		D7E8E9B625F4082900FAD77E /* Sources */ = {
			isa = PBXSourcesBuildPhase;
			buildActionMask = 2147483647;
			files = (
				D7E8E9BF25F4082900FAD77E /* Mario_Game_App_21Tests.swift in Sources */,
			);
			runOnlyForDeploymentPostprocessing = 0;
		};
		D7E8E9C125F4082900FAD77E /* Sources */ = {
			isa = PBXSourcesBuildPhase;
			buildActionMask = 2147483647;
			files = (
				D7E8E9CA25F4082900FAD77E /* Mario_Game_App_21UITests.swift in Sources */,
			);
			runOnlyForDeploymentPostprocessing = 0;
		};
/* End PBXSourcesBuildPhase section */

/* Begin PBXTargetDependency section */
		D7E8E9BC25F4082900FAD77E /* PBXTargetDependency */ = {
			isa = PBXTargetDependency;
			target = D7E8E9A325F4082700FAD77E /* Mario_Game_App_21 */;
			targetProxy = D7E8E9BB25F4082900FAD77E /* PBXContainerItemProxy */;
		};
		D7E8E9C725F4082900FAD77E /* PBXTargetDependency */ = {
			isa = PBXTargetDependency;
			target = D7E8E9A325F4082700FAD77E /* Mario_Game_App_21 */;
			targetProxy = D7E8E9C625F4082900FAD77E /* PBXContainerItemProxy */;
		};
/* End PBXTargetDependency section */

/* Begin PBXVariantGroup section */
		D7E8E9AD25F4082700FAD77E /* Main.storyboard */ = {
			isa = PBXVariantGroup;
			children = (
				D7E8E9AE25F4082700FAD77E /* Base */,
			);
			name = Main.storyboard;
			sourceTree = "<group>";
		};
		D7E8E9B225F4082800FAD77E /* LaunchScreen.storyboard */ = {
			isa = PBXVariantGroup;
			children = (
				D7E8E9B325F4082800FAD77E /* Base */,
			);
			name = LaunchScreen.storyboard;
			sourceTree = "<group>";
		};
/* End PBXVariantGroup section */

/* Begin XCBuildConfiguration section */
		D7E8E9CC25F4082900FAD77E /* Debug */ = {
			isa = XCBuildConfiguration;
			buildSettings = {
				ALWAYS_SEARCH_USER_PATHS = NO;
				CLANG_ANALYZER_NONNULL = YES;
				CLANG_ANALYZER_NUMBER_OBJECT_CONVERSION = YES_AGGRESSIVE;
				CLANG_CXX_LANGUAGE_STANDARD = "gnu++14";
				CLANG_CXX_LIBRARY = "libc++";
				CLANG_ENABLE_MODULES = YES;
				CLANG_ENABLE_OBJC_ARC = YES;
				CLANG_ENABLE_OBJC_WEAK = YES;
				CLANG_WARN_BLOCK_CAPTURE_AUTORELEASING = YES;
				CLANG_WARN_BOOL_CONVERSION = YES;
				CLANG_WARN_COMMA = YES;
				CLANG_WARN_CONSTANT_CONVERSION = YES;
				CLANG_WARN_DEPRECATED_OBJC_IMPLEMENTATIONS = YES;
				CLANG_WARN_DIRECT_OBJC_ISA_USAGE = YES_ERROR;
				CLANG_WARN_DOCUMENTATION_COMMENTS = YES;
				CLANG_WARN_EMPTY_BODY = YES;
				CLANG_WARN_ENUM_CONVERSION = YES;
				CLANG_WARN_INFINITE_RECURSION = YES;
				CLANG_WARN_INT_CONVERSION = YES;
				CLANG_WARN_NON_LITERAL_NULL_CONVERSION = YES;
				CLANG_WARN_OBJC_IMPLICIT_RETAIN_SELF = YES;
				CLANG_WARN_OBJC_LITERAL_CONVERSION = YES;
				CLANG_WARN_OBJC_ROOT_CLASS = YES_ERROR;
				CLANG_WARN_QUOTED_INCLUDE_IN_FRAMEWORK_HEADER = YES;
				CLANG_WARN_RANGE_LOOP_ANALYSIS = YES;
				CLANG_WARN_STRICT_PROTOTYPES = YES;
				CLANG_WARN_SUSPICIOUS_MOVE = YES;
				CLANG_WARN_UNGUARDED_AVAILABILITY = YES_AGGRESSIVE;
				CLANG_WARN_UNREACHABLE_CODE = YES;
				CLANG_WARN__DUPLICATE_METHOD_MATCH = YES;
				COPY_PHASE_STRIP = NO;
				DEBUG_INFORMATION_FORMAT = dwarf;
				ENABLE_STRICT_OBJC_MSGSEND = YES;
				ENABLE_TESTABILITY = YES;
				GCC_C_LANGUAGE_STANDARD = gnu11;
				GCC_DYNAMIC_NO_PIC = NO;
				GCC_NO_COMMON_BLOCKS = YES;
				GCC_OPTIMIZATION_LEVEL = 0;
				GCC_PREPROCESSOR_DEFINITIONS = (
					"DEBUG=1",
					"$(inherited)",
				);
				GCC_WARN_64_TO_32_BIT_CONVERSION = YES;
				GCC_WARN_ABOUT_RETURN_TYPE = YES_ERROR;
				GCC_WARN_UNDECLARED_SELECTOR = YES;
				GCC_WARN_UNINITIALIZED_AUTOS = YES_AGGRESSIVE;
				GCC_WARN_UNUSED_FUNCTION = YES;
				GCC_WARN_UNUSED_VARIABLE = YES;
				IPHONEOS_DEPLOYMENT_TARGET = 14.4;
				MTL_ENABLE_DEBUG_INFO = INCLUDE_SOURCE;
				MTL_FAST_MATH = YES;
				ONLY_ACTIVE_ARCH = YES;
				SDKROOT = iphoneos;
				SWIFT_ACTIVE_COMPILATION_CONDITIONS = DEBUG;
				SWIFT_OPTIMIZATION_LEVEL = "-Onone";
			};
			name = Debug;
		};
		D7E8E9CD25F4082900FAD77E /* Release */ = {
			isa = XCBuildConfiguration;
			buildSettings = {
				ALWAYS_SEARCH_USER_PATHS = NO;
				CLANG_ANALYZER_NONNULL = YES;
				CLANG_ANALYZER_NUMBER_OBJECT_CONVERSION = YES_AGGRESSIVE;
				CLANG_CXX_LANGUAGE_STANDARD = "gnu++14";
				CLANG_CXX_LIBRARY = "libc++";
				CLANG_ENABLE_MODULES = YES;
				CLANG_ENABLE_OBJC_ARC = YES;
				CLANG_ENABLE_OBJC_WEAK = YES;
				CLANG_WARN_BLOCK_CAPTURE_AUTORELEASING = YES;
				CLANG_WARN_BOOL_CONVERSION = YES;
				CLANG_WARN_COMMA = YES;
				CLANG_WARN_CONSTANT_CONVERSION = YES;
				CLANG_WARN_DEPRECATED_OBJC_IMPLEMENTATIONS = YES;
				CLANG_WARN_DIRECT_OBJC_ISA_USAGE = YES_ERROR;
				CLANG_WARN_DOCUMENTATION_COMMENTS = YES;
				CLANG_WARN_EMPTY_BODY = YES;
				CLANG_WARN_ENUM_CONVERSION = YES;
				CLANG_WARN_INFINITE_RECURSION = YES;
				CLANG_WARN_INT_CONVERSION = YES;
				CLANG_WARN_NON_LITERAL_NULL_CONVERSION = YES;
				CLANG_WARN_OBJC_IMPLICIT_RETAIN_SELF = YES;
				CLANG_WARN_OBJC_LITERAL_CONVERSION = YES;
				CLANG_WARN_OBJC_ROOT_CLASS = YES_ERROR;
				CLANG_WARN_QUOTED_INCLUDE_IN_FRAMEWORK_HEADER = YES;
				CLANG_WARN_RANGE_LOOP_ANALYSIS = YES;
				CLANG_WARN_STRICT_PROTOTYPES = YES;
				CLANG_WARN_SUSPICIOUS_MOVE = YES;
				CLANG_WARN_UNGUARDED_AVAILABILITY = YES_AGGRESSIVE;
				CLANG_WARN_UNREACHABLE_CODE = YES;
				CLANG_WARN__DUPLICATE_METHOD_MATCH = YES;
				COPY_PHASE_STRIP = NO;
				DEBUG_INFORMATION_FORMAT = "dwarf-with-dsym";
				ENABLE_NS_ASSERTIONS = NO;
				ENABLE_STRICT_OBJC_MSGSEND = YES;
				GCC_C_LANGUAGE_STANDARD = gnu11;
				GCC_NO_COMMON_BLOCKS = YES;
				GCC_WARN_64_TO_32_BIT_CONVERSION = YES;
				GCC_WARN_ABOUT_RETURN_TYPE = YES_ERROR;
				GCC_WARN_UNDECLARED_SELECTOR = YES;
				GCC_WARN_UNINITIALIZED_AUTOS = YES_AGGRESSIVE;
				GCC_WARN_UNUSED_FUNCTION = YES;
				GCC_WARN_UNUSED_VARIABLE = YES;
				IPHONEOS_DEPLOYMENT_TARGET = 14.4;
				MTL_ENABLE_DEBUG_INFO = NO;
				MTL_FAST_MATH = YES;
				SDKROOT = iphoneos;
				SWIFT_COMPILATION_MODE = wholemodule;
				SWIFT_OPTIMIZATION_LEVEL = "-O";
				VALIDATE_PRODUCT = YES;
			};
			name = Release;
		};
		D7E8E9CF25F4082900FAD77E /* Debug */ = {
			isa = XCBuildConfiguration;
			buildSettings = {
				ASSETCATALOG_COMPILER_APPICON_NAME = AppIcon;
				ASSETCATALOG_COMPILER_GLOBAL_ACCENT_COLOR_NAME = AccentColor;
				CODE_SIGN_STYLE = Automatic;
				INFOPLIST_FILE = Mario_Game_App_21/Info.plist;
				LD_RUNPATH_SEARCH_PATHS = (
					"$(inherited)",
					"@executable_path/Frameworks",
				);
				PRODUCT_BUNDLE_IDENTIFIER = "codepath.Mario-Game-App-21";
				PRODUCT_NAME = "$(TARGET_NAME)";
				SWIFT_VERSION = 5.0;
				TARGETED_DEVICE_FAMILY = "1,2";
			};
			name = Debug;
		};
		D7E8E9D025F4082900FAD77E /* Release */ = {
			isa = XCBuildConfiguration;
			buildSettings = {
				ASSETCATALOG_COMPILER_APPICON_NAME = AppIcon;
				ASSETCATALOG_COMPILER_GLOBAL_ACCENT_COLOR_NAME = AccentColor;
				CODE_SIGN_STYLE = Automatic;
				INFOPLIST_FILE = Mario_Game_App_21/Info.plist;
				LD_RUNPATH_SEARCH_PATHS = (
					"$(inherited)",
					"@executable_path/Frameworks",
				);
				PRODUCT_BUNDLE_IDENTIFIER = "codepath.Mario-Game-App-21";
				PRODUCT_NAME = "$(TARGET_NAME)";
				SWIFT_VERSION = 5.0;
				TARGETED_DEVICE_FAMILY = "1,2";
			};
			name = Release;
		};
		D7E8E9D225F4082900FAD77E /* Debug */ = {
			isa = XCBuildConfiguration;
			buildSettings = {
				ALWAYS_EMBED_SWIFT_STANDARD_LIBRARIES = YES;
				BUNDLE_LOADER = "$(TEST_HOST)";
				CODE_SIGN_STYLE = Automatic;
				INFOPLIST_FILE = Mario_Game_App_21Tests/Info.plist;
				IPHONEOS_DEPLOYMENT_TARGET = 14.4;
				LD_RUNPATH_SEARCH_PATHS = (
					"$(inherited)",
					"@executable_path/Frameworks",
					"@loader_path/Frameworks",
				);
				PRODUCT_BUNDLE_IDENTIFIER = "codepath.Mario-Game-App-21Tests";
				PRODUCT_NAME = "$(TARGET_NAME)";
				SWIFT_VERSION = 5.0;
				TARGETED_DEVICE_FAMILY = "1,2";
				TEST_HOST = "$(BUILT_PRODUCTS_DIR)/Mario_Game_App_21.app/Mario_Game_App_21";
			};
			name = Debug;
		};
		D7E8E9D325F4082900FAD77E /* Release */ = {
			isa = XCBuildConfiguration;
			buildSettings = {
				ALWAYS_EMBED_SWIFT_STANDARD_LIBRARIES = YES;
				BUNDLE_LOADER = "$(TEST_HOST)";
				CODE_SIGN_STYLE = Automatic;
				INFOPLIST_FILE = Mario_Game_App_21Tests/Info.plist;
				IPHONEOS_DEPLOYMENT_TARGET = 14.4;
				LD_RUNPATH_SEARCH_PATHS = (
					"$(inherited)",
					"@executable_path/Frameworks",
					"@loader_path/Frameworks",
				);
				PRODUCT_BUNDLE_IDENTIFIER = "codepath.Mario-Game-App-21Tests";
				PRODUCT_NAME = "$(TARGET_NAME)";
				SWIFT_VERSION = 5.0;
				TARGETED_DEVICE_FAMILY = "1,2";
				TEST_HOST = "$(BUILT_PRODUCTS_DIR)/Mario_Game_App_21.app/Mario_Game_App_21";
			};
			name = Release;
		};
		D7E8E9D525F4082900FAD77E /* Debug */ = {
			isa = XCBuildConfiguration;
			buildSettings = {
				ALWAYS_EMBED_SWIFT_STANDARD_LIBRARIES = YES;
				CODE_SIGN_STYLE = Automatic;
				INFOPLIST_FILE = Mario_Game_App_21UITests/Info.plist;
				LD_RUNPATH_SEARCH_PATHS = (
					"$(inherited)",
					"@executable_path/Frameworks",
					"@loader_path/Frameworks",
				);
				PRODUCT_BUNDLE_IDENTIFIER = "codepath.Mario-Game-App-21UITests";
				PRODUCT_NAME = "$(TARGET_NAME)";
				SWIFT_VERSION = 5.0;
				TARGETED_DEVICE_FAMILY = "1,2";
				TEST_TARGET_NAME = Mario_Game_App_21;
			};
			name = Debug;
		};
		D7E8E9D625F4082900FAD77E /* Release */ = {
			isa = XCBuildConfiguration;
			buildSettings = {
				ALWAYS_EMBED_SWIFT_STANDARD_LIBRARIES = YES;
				CODE_SIGN_STYLE = Automatic;
				INFOPLIST_FILE = Mario_Game_App_21UITests/Info.plist;
				LD_RUNPATH_SEARCH_PATHS = (
					"$(inherited)",
					"@executable_path/Frameworks",
					"@loader_path/Frameworks",
				);
				PRODUCT_BUNDLE_IDENTIFIER = "codepath.Mario-Game-App-21UITests";
				PRODUCT_NAME = "$(TARGET_NAME)";
				SWIFT_VERSION = 5.0;
				TARGETED_DEVICE_FAMILY = "1,2";
				TEST_TARGET_NAME = Mario_Game_App_21;
			};
			name = Release;
		};
/* End XCBuildConfiguration section */

/* Begin XCConfigurationList section */
		D7E8E99F25F4082700FAD77E /* Build configuration list for PBXProject "Mario_Game_App_21" */ = {
			isa = XCConfigurationList;
			buildConfigurations = (
				D7E8E9CC25F4082900FAD77E /* Debug */,
				D7E8E9CD25F4082900FAD77E /* Release */,
			);
			defaultConfigurationIsVisible = 0;
			defaultConfigurationName = Release;
		};
		D7E8E9CE25F4082900FAD77E /* Build configuration list for PBXNativeTarget "Mario_Game_App_21" */ = {
			isa = XCConfigurationList;
			buildConfigurations = (
				D7E8E9CF25F4082900FAD77E /* Debug */,
				D7E8E9D025F4082900FAD77E /* Release */,
			);
			defaultConfigurationIsVisible = 0;
			defaultConfigurationName = Release;
		};
		D7E8E9D125F4082900FAD77E /* Build configuration list for PBXNativeTarget "Mario_Game_App_21Tests" */ = {
			isa = XCConfigurationList;
			buildConfigurations = (
				D7E8E9D225F4082900FAD77E /* Debug */,
				D7E8E9D325F4082900FAD77E /* Release */,
			);
			defaultConfigurationIsVisible = 0;
			defaultConfigurationName = Release;
		};
		D7E8E9D425F4082900FAD77E /* Build configuration list for PBXNativeTarget "Mario_Game_App_21UITests" */ = {
			isa = XCConfigurationList;
			buildConfigurations = (
				D7E8E9D525F4082900FAD77E /* Debug */,
				D7E8E9D625F4082900FAD77E /* Release */,
			);
			defaultConfigurationIsVisible = 0;
			defaultConfigurationName = Release;
		};
/* End XCConfigurationList section */
	};
	rootObject = D7E8E99C25F4082700FAD77E /* Project object */;
}
